
Microsoft Visual Studio Solution File, Format Version 12.00
# Visual Studio Version 16
VisualStudioVersion = 16.0.29613.14
MinimumVisualStudioVersion = 10.0.40219.1
Project("{888888A0-9F3D-457C-B088-3A5042F75D52}") = "GDCFalg", "GDCFalg\GDCFalg.pyproj", "{2F7C062E-A128-4305-B615-9B4BDA7F0D4C}"
EndProject
Global
	GlobalSection(SolutionConfigurationPlatforms) = preSolution
		Debug|Any CPU = Debug|Any CPU
		Release|Any CPU = Release|Any CPU
	EndGlobalSection
	GlobalSection(ProjectConfigurationPlatforms) = postSolution
		{2F7C062E-A128-4305-B615-9B4BDA7F0D4C}.Debug|Any CPU.ActiveCfg = Debug|Any CPU
		{2F7C062E-A128-4305-B615-9B4BDA7F0D4C}.Release|Any CPU.ActiveCfg = Release|Any CPU
	EndGlobalSection
	GlobalSection(SolutionProperties) = preSolution
		HideSolutionNode = FALSE
	EndGlobalSection
	GlobalSection(ExtensibilityGlobals) = postSolution
		SolutionGuid = {156F317E-ABF4-4BB0-B231-3065AF9CDE69}
	EndGlobalSection
EndGlobal
